<Solution>
  <Folder Name="/src/">
    <Project Path="src/SwitchPlease.Core/SwitchPlease.Core.csproj" />
    <Project Path="src/SwitchPlease.Win32/SwitchPlease.Win32.csproj" />
  </Folder>
  <Folder Name="/tests/">
    <Project Path="tests/SwitchPlease.Core.Tests/SwitchPlease.Core.Tests.csproj" />
  </Folder>
</Solution>
